
Microsoft Visual Studio Solution File, Format Version 12.00
# Visual Studio Version 17
VisualStudioVersion = 17.1.32228.430
MinimumVisualStudioVersion = 10.0.40219.1
Project("{9A19103F-16F7-4668-BE54-9A1E7A4F7556}") = "AdmCondominio.Api", "AdmCondominio.Api\AdmCondominio.Api.csproj", "{49AD5579-2556-4978-9B4E-79A56DDE1CB0}"
EndProject
Project("{9A19103F-16F7-4668-BE54-9A1E7A4F7556}") = "AdmCondominio.Application", "AdmCondominio.Application\AdmCondominio.Application.csproj", "{083CCC02-A900-4610-A80D-E097DF83E39D}"
EndProject
Project("{9A19103F-16F7-4668-BE54-9A1E7A4F7556}") = "AdmCondominio.Infra", "AdmCondominio.Infra\AdmCondominio.Infra.csproj", "{B3EABE4B-D61B-4F26-9C15-A9C8580F1843}"
EndProject
Project("{9A19103F-16F7-4668-BE54-9A1E7A4F7556}") = "AdmCondominio.Domain", "AdmCondominio.Domain\AdmCondominio.Domain.csproj", "{58D3D53A-55DD-43F2-A93D-6E3CB8557E1C}"
EndProject
Project("{FAE04EC0-301F-11D3-BF4B-00C04F79EFBC}") = "AdmCondominio.Tests", "AdmCondominio.Tests\AdmCondominio.Tests.csproj", "{BA5E4A4C-B400-4C77-9C6F-2B24520ECD8C}"
EndProject
Global
	GlobalSection(SolutionConfigurationPlatforms) = preSolution
		Debug|Any CPU = Debug|Any CPU
		Release|Any CPU = Release|Any CPU
	EndGlobalSection
	GlobalSection(ProjectConfigurationPlatforms) = postSolution
		{49AD5579-2556-4978-9B4E-79A56DDE1CB0}.Debug|Any CPU.ActiveCfg = Debug|Any CPU
		{49AD5579-2556-4978-9B4E-79A56DDE1CB0}.Debug|Any CPU.Build.0 = Debug|Any CPU
		{49AD5579-2556-4978-9B4E-79A56DDE1CB0}.Release|Any CPU.ActiveCfg = Release|Any CPU
		{49AD5579-2556-4978-9B4E-79A56DDE1CB0}.Release|Any CPU.Build.0 = Release|Any CPU
		{083CCC02-A900-4610-A80D-E097DF83E39D}.Debug|Any CPU.ActiveCfg = Debug|Any CPU
		{083CCC02-A900-4610-A80D-E097DF83E39D}.Debug|Any CPU.Build.0 = Debug|Any CPU
		{083CCC02-A900-4610-A80D-E097DF83E39D}.Release|Any CPU.ActiveCfg = Release|Any CPU
		{083CCC02-A900-4610-A80D-E097DF83E39D}.Release|Any CPU.Build.0 = Release|Any CPU
		{B3EABE4B-D61B-4F26-9C15-A9C8580F1843}.Debug|Any CPU.ActiveCfg = Debug|Any CPU
		{B3EABE4B-D61B-4F26-9C15-A9C8580F1843}.Debug|Any CPU.Build.0 = Debug|Any CPU
		{B3EABE4B-D61B-4F26-9C15-A9C8580F1843}.Release|Any CPU.ActiveCfg = Release|Any CPU
		{B3EABE4B-D61B-4F26-9C15-A9C8580F1843}.Release|Any CPU.Build.0 = Release|Any CPU
		{58D3D53A-55DD-43F2-A93D-6E3CB8557E1C}.Debug|Any CPU.ActiveCfg = Debug|Any CPU
		{58D3D53A-55DD-43F2-A93D-6E3CB8557E1C}.Debug|Any CPU.Build.0 = Debug|Any CPU
		{58D3D53A-55DD-43F2-A93D-6E3CB8557E1C}.Release|Any CPU.ActiveCfg = Release|Any CPU
		{58D3D53A-55DD-43F2-A93D-6E3CB8557E1C}.Release|Any CPU.Build.0 = Release|Any CPU
		{BA5E4A4C-B400-4C77-9C6F-2B24520ECD8C}.Debug|Any CPU.ActiveCfg = Debug|Any CPU
		{BA5E4A4C-B400-4C77-9C6F-2B24520ECD8C}.Debug|Any CPU.Build.0 = Debug|Any CPU
		{BA5E4A4C-B400-4C77-9C6F-2B24520ECD8C}.Release|Any CPU.ActiveCfg = Release|Any CPU
		{BA5E4A4C-B400-4C77-9C6F-2B24520ECD8C}.Release|Any CPU.Build.0 = Release|Any CPU
	EndGlobalSection
	GlobalSection(SolutionProperties) = preSolution
		HideSolutionNode = FALSE
	EndGlobalSection
	GlobalSection(ExtensibilityGlobals) = postSolution
		SolutionGuid = {2B9ED90C-A2BE-4454-A08B-384E7DCF03B5}
	EndGlobalSection
EndGlobal
