
Microsoft Visual Studio Solution File, Format Version 12.00
# Visual Studio Version 17
VisualStudioVersion = 17.1.32228.430
MinimumVisualStudioVersion = 10.0.40219.1
Project("{9A19103F-16F7-4668-BE54-9A1E7A4F7556}") = "AdmCondominio.Api", "AdmCondominio.Api\AdmCondominio.Api.csproj", "{49AD5579-2556-4978-9B4E-79A56DDE1CB0}"
EndProject
Project("{9A19103F-16F7-4668-BE54-9A1E7A4F7556}") = "AdmCondominio.Business", "AdmCondominio.Business\AdmCondominio.Business.csproj", "{103ED915-EAA4-422F-817C-D274460703D1}"
EndProject
Project("{9A19103F-16F7-4668-BE54-9A1E7A4F7556}") = "AdmCondominio.Data", "AdmCondominio.Data\AdmCondominio.Data.csproj", "{4F2C4C89-866A-4600-8F00-774F83A3EFD6}"
EndProject
Global
	GlobalSection(SolutionConfigurationPlatforms) = preSolution
		Debug|Any CPU = Debug|Any CPU
		Release|Any CPU = Release|Any CPU
	EndGlobalSection
	GlobalSection(ProjectConfigurationPlatforms) = postSolution
		{49AD5579-2556-4978-9B4E-79A56DDE1CB0}.Debug|Any CPU.ActiveCfg = Debug|Any CPU
		{49AD5579-2556-4978-9B4E-79A56DDE1CB0}.Debug|Any CPU.Build.0 = Debug|Any CPU
		{49AD5579-2556-4978-9B4E-79A56DDE1CB0}.Release|Any CPU.ActiveCfg = Release|Any CPU
		{49AD5579-2556-4978-9B4E-79A56DDE1CB0}.Release|Any CPU.Build.0 = Release|Any CPU
		{103ED915-EAA4-422F-817C-D274460703D1}.Debug|Any CPU.ActiveCfg = Debug|Any CPU
		{103ED915-EAA4-422F-817C-D274460703D1}.Debug|Any CPU.Build.0 = Debug|Any CPU
		{103ED915-EAA4-422F-817C-D274460703D1}.Release|Any CPU.ActiveCfg = Release|Any CPU
		{103ED915-EAA4-422F-817C-D274460703D1}.Release|Any CPU.Build.0 = Release|Any CPU
		{4F2C4C89-866A-4600-8F00-774F83A3EFD6}.Debug|Any CPU.ActiveCfg = Debug|Any CPU
		{4F2C4C89-866A-4600-8F00-774F83A3EFD6}.Debug|Any CPU.Build.0 = Debug|Any CPU
		{4F2C4C89-866A-4600-8F00-774F83A3EFD6}.Release|Any CPU.ActiveCfg = Release|Any CPU
		{4F2C4C89-866A-4600-8F00-774F83A3EFD6}.Release|Any CPU.Build.0 = Release|Any CPU
	EndGlobalSection
	GlobalSection(SolutionProperties) = preSolution
		HideSolutionNode = FALSE
	EndGlobalSection
	GlobalSection(ExtensibilityGlobals) = postSolution
		SolutionGuid = {2B9ED90C-A2BE-4454-A08B-384E7DCF03B5}
	EndGlobalSection
EndGlobal
